<Solution>
  <Folder Name="/Solution Items/">
    <File Path=".gitattributes" />
    <File Path=".gitignore" />
    <File Path=".nojekyll" />
    <File Path="ACKNOWLEDGEMENTS.md" />
    <File Path="CLAUDE.md" />
    <File Path="CONTRIBUTING.md" />
    <File Path="index.html" />
    <File Path="LICENSE" />
    <File Path="publish.ps1" />
    <File Path="publish.sh" />
    <File Path="README.md" />
    <File Path="THIRD-PARTY-NOTICES.md" />
    <File Path="TODO.md" />
  </Folder>
  <Folder Name="/.github/">
    <File Path=".github/RELEASE_TEMPLATE.md" />
  </Folder>
  <Folder Name="/.github/ISSUE_TEMPLATE/">
    <File Path=".github/ISSUE_TEMPLATE/bug.yml" />
    <File Path=".github/ISSUE_TEMPLATE/config.yml" />
    <File Path=".github/ISSUE_TEMPLATE/platform-test.yml" />
  </Folder>
  <Folder Name="/.github/workflows/">
    <File Path=".github/workflows/build.yml" />
    <File Path=".github/workflows/release.yml" />
  </Folder>
  <Folder Name="/artwork/">
    <File Path="artwork/depthview-icon-1024.png" />
    <File Path="artwork/depthview-icon-128.png" />
    <File Path="artwork/depthview-icon-16.png" />
    <File Path="artwork/depthview-icon-24.png" />
    <File Path="artwork/depthview-icon-256.png" />
    <File Path="artwork/depthview-icon-32.png" />
    <File Path="artwork/depthview-icon-48.png" />
    <File Path="artwork/depthview-icon-64.png" />
    <File Path="artwork/depthview.ico" />
    <File Path="artwork/make_banner.py" />
    <File Path="artwork/make_hero.py" />
    <File Path="artwork/make_icon.py" />
  </Folder>
  <Folder Name="/artwork/banner/">
    <File Path="artwork/banner/depthview-banner-1280x640.png" />
    <File Path="artwork/banner/depthview-banner-1920x1080.png" />
    <File Path="artwork/banner/hero-keyed.png" />
  </Folder>
  <Folder Name="/brainstorm/">
    <File Path="brainstorm/index.html" />
    <File Path="brainstorm/README.md" />
  </Folder>
  <Folder Name="/brainstorm/stripfocus/">
    <File Path="brainstorm/stripfocus/DESIGN.md" />
    <File Path="brainstorm/stripfocus/index.html" />
    <File Path="brainstorm/stripfocus/README.md" />
    <File Path="brainstorm/stripfocus/RESEARCH.md" />
    <File Path="brainstorm/stripfocus/SURFACE-INPUT.md" />
  </Folder>
  <Folder Name="/brainstorm/stripfocus/prototype/">
    <File Path="brainstorm/stripfocus/prototype/index.html" />
    <File Path="brainstorm/stripfocus/prototype/paper.js-LICENSE.txt" />
    <File Path="brainstorm/stripfocus/prototype/StripFocus.html" />
  </Folder>
  <Folder Name="/docs/">
    <File Path="docs/DEPTH-PREDICTION.md" />
    <File Path="docs/INTEGRATION.md" />
    <File Path="docs/make-pdfs.py" />
    <File Path="docs/make-profiles.py" />
    <File Path="docs/make-screenshots.ps1" />
    <File Path="docs/TUNING-GUIDE.md" />
  </Folder>
  <Folder Name="/docs/images/">
    <File Path="docs/images/about.png" />
    <File Path="docs/images/analysis-genuine.png" />
    <File Path="docs/images/analysis-imposter.png" />
    <File Path="docs/images/finishing.png" />
    <File Path="docs/images/fit-pad-background.png" />
    <File Path="docs/images/fit-pad-untouched.png" />
    <File Path="docs/images/relief-continuous.png" />
    <File Path="docs/images/relief-preview.png" />
    <File Path="docs/images/relief-terraced.png" />
    <File Path="docs/images/terraces.png" />
    <File Path="docs/images/tune.png" />
    <File Path="docs/images/wizard.png" />
  </Folder>
  <Folder Name="/docs/images/tuning/">
    <File Path="docs/images/tuning/01-before.png" />
    <File Path="docs/images/tuning/02-makeit-settings.png" />
    <File Path="docs/images/tuning/03-makeit-relief.png" />
    <File Path="docs/images/tuning/04-lightburn-settings.png" />
    <File Path="docs/images/tuning/05-lightburn-relief.png" />
    <File Path="docs/images/tuning/06-wizard-rim.png" />
    <File Path="docs/images/tuning/07-wizard-deepest.png" />
    <File Path="docs/images/tuning/08-wolf-background.png" />
    <File Path="docs/images/tuning/09-huey-rim-profile.png" />
    <File Path="docs/images/tuning/10-wolf-background-profile.png" />
    <File Path="docs/images/tuning/11-eagle-analysis.png" />
    <File Path="docs/images/tuning/12-eagle-background.png" />
    <File Path="docs/images/tuning/13-picture-analysis.png" />
    <File Path="docs/images/tuning/14-picture-as-relief.png" />
  </Folder>
  <Folder Name="/docs/research/">
    <File Path="docs/research/finishing-chemistry.md" />
    <File Path="docs/research/laser-ablation-baselines.md" />
  </Folder>
  <Folder Name="/packaging/">
    <File Path="packaging/DepthView.icns" />
    <File Path="packaging/install-menu-entry.sh" />
    <File Path="packaging/make_bundle.py" />
    <File Path="packaging/README.txt" />
  </Folder>
  <Folder Name="/samples/">
    <File Path="samples/01-genuine-16bit.png" />
    <File Path="samples/02-imposter-x257.png" />
    <File Path="samples/03-imposter-high-byte.png" />
    <File Path="samples/04-quantised-1024.png" />
    <File Path="samples/05-grey-stored-as-rgb.png" />
    <File Path="samples/06-honest-8bit.png" />
    <File Path="samples/07-wasted-headroom.png" />
    <File Path="samples/08-colour-contaminated.png" />
    <File Path="samples/make_samples.py" />
    <File Path="samples/README.md" />
  </Folder>
  <Folder Name="/src/">
    <Project Path="src/DepthView/DepthView.csproj" />
  </Folder>
  <Folder Name="/tests/">
    <File Path="tests/check_fit.py" />
    <File Path="tests/check_json.py" />
    <File Path="tests/check_lbcontrol.ps1" />
    <File Path="tests/check_report.py" />
    <File Path="tests/check_slnx.py" />
    <File Path="tests/extract-lbrn-image.ps1" />
    <File Path="tests/fake-lightburn.ps1" />
    <File Path="tests/make_fixtures.py" />
    <File Path="tests/make_textures.py" />
    <File Path="tests/peek-lbrn.ps1" />
    <File Path="tests/peek-wws.ps1" />
    <File Path="tests/privacy-check.ps1" />
    <File Path="tests/shot-open.ps1" />
    <File Path="tests/splice-notes.ps1" />
    <Project Path="tests/updater/updater-tests.csproj" />
  </Folder>
</Solution>
